
Microsoft Visual Studio Solution File, Format Version 12.00
# Visual Studio 15
VisualStudioVersion = 15.0.27703.2042
MinimumVisualStudioVersion = 10.0.40219.1
Project("{FAE04EC0-301F-11D3-BF4B-00C04F79EFBC}") = "DockerContainer", "DockerContainer\DockerContainer.csproj", "{670EE221-ECEA-4852-BE91-420B811451CA}"
EndProject
Global
	GlobalSection(SolutionConfigurationPlatforms) = preSolution
		Debug|Any CPU = Debug|Any CPU
		Release|Any CPU = Release|Any CPU
	EndGlobalSection
	GlobalSection(ProjectConfigurationPlatforms) = postSolution
		{670EE221-ECEA-4852-BE91-420B811451CA}.Debug|Any CPU.ActiveCfg = Debug|Any CPU
		{670EE221-ECEA-4852-BE91-420B811451CA}.Debug|Any CPU.Build.0 = Debug|Any CPU
		{670EE221-ECEA-4852-BE91-420B811451CA}.Release|Any CPU.ActiveCfg = Release|Any CPU
		{670EE221-ECEA-4852-BE91-420B811451CA}.Release|Any CPU.Build.0 = Release|Any CPU
	EndGlobalSection
	GlobalSection(SolutionProperties) = preSolution
		HideSolutionNode = FALSE
	EndGlobalSection
	GlobalSection(ExtensibilityGlobals) = postSolution
		SolutionGuid = {60F85508-8068-411B-823A-F9575AA1FAE6}
	EndGlobalSection
EndGlobal
